<?xml version="1.0" encoding="utf-8"?>
<Project ToolsVersion="4.0" xmlns="http://schemas.microsoft.com/developer/msbuild/2003">
  <ItemGroup>
    <ClCompile Include="App.cpp">
      <Filter>Source Files</Filter>
    </ClCompile>
    <ClCompile Include="Character.cpp">
      <Filter>Source Files</Filter>
    </ClCompile>
    <ClCompile Include="commonTools.cpp">
      <Filter>Source Files</Filter>
    </ClCompile>
    <ClCompile Include="main.cpp">
      <Filter>Source Files</Filter>
    </ClCompile>
    <ClCompile Include="MapManager.cpp">
      <Filter>Source Files</Filter>
    </ClCompile>
    <ClCompile Include="Markup.cpp">
      <Filter>Source Files</Filter>
    </ClCompile>
    <ClCompile Include="TexManager.cpp">
      <Filter>Source Files</Filter>
    </ClCompile>
    <ClCompile Include="CreatureManager.cpp">
      <Filter>Source Files</Filter>
    </ClCompile>
    <ClCompile Include="TipWnd.cpp">
      <Filter>Source Files</Filter>
    </ClCompile>
    <ClCompile Include="FontManager.cpp">
      <Filter>Source Files</Filter>
    </ClCompile>
    <ClCompile Include="AStar.cpp">
      <Filter>Source Files</Filter>
    </ClCompile>
    <ClCompile Include="UI.cpp">
      <Filter>Source Files</Filter>
    </ClCompile>
    <ClCompile Include="WndCommand.cpp">
      <Filter>Windows\Source Files</Filter>
    </ClCompile>
    <ClCompile Include="WndCharInfo.cpp">
      <Filter>Windows\Source Files</Filter>
    </ClCompile>
    <ClCompile Include="WndSelect.cpp">
      <Filter>Windows\Source Files</Filter>
    </ClCompile>
    <ClCompile Include="SkillManager.cpp">
      <Filter>Source Files</Filter>
    </ClCompile>
    <ClCompile Include="WndMainTitle.cpp">
      <Filter>Windows\Source Files</Filter>
    </ClCompile>
    <ClCompile Include="LuaGlobalFunc.cpp">
      <Filter>LuaGlobal</Filter>
    </ClCompile>
    <ClCompile Include="Scene.cpp">
      <Filter>Source Files</Filter>
    </ClCompile>
    <ClCompile Include="..\..\lua\tolua++\tolua_event.c">
      <Filter>tolua++</Filter>
    </ClCompile>
    <ClCompile Include="..\..\lua\tolua++\tolua_is.c">
      <Filter>tolua++</Filter>
    </ClCompile>
    <ClCompile Include="..\..\lua\tolua++\tolua_map.c">
      <Filter>tolua++</Filter>
    </ClCompile>
    <ClCompile Include="..\..\lua\tolua++\tolua_push.c">
      <Filter>tolua++</Filter>
    </ClCompile>
    <ClCompile Include="..\..\lua\tolua++\tolua_to.c">
      <Filter>tolua++</Filter>
    </ClCompile>
    <ClCompile Include="WndDialog.cpp">
      <Filter>Windows\Source Files</Filter>
    </ClCompile>
    <ClCompile Include="MyLua.cpp">
      <Filter>LuaGlobal</Filter>
    </ClCompile>
    <ClCompile Include="WndSummary.cpp">
      <Filter>Windows\Source Files</Filter>
    </ClCompile>
    <ClCompile Include="AIMgr.cpp">
      <Filter>Source Files</Filter>
    </ClCompile>
  </ItemGroup>
  <ItemGroup>
    <ClInclude Include="App.h">
      <Filter>Header Files</Filter>
    </ClInclude>
    <ClInclude Include="Character.h">
      <Filter>Header Files</Filter>
    </ClInclude>
    <ClInclude Include="commonTools.h">
      <Filter>Header Files</Filter>
    </ClInclude>
    <ClInclude Include="MapManager.h">
      <Filter>Header Files</Filter>
    </ClInclude>
    <ClInclude Include="Markup.h">
      <Filter>Header Files</Filter>
    </ClInclude>
    <ClInclude Include="Singleton.h">
      <Filter>Header Files</Filter>
    </ClInclude>
    <ClInclude Include="TexManager.h">
      <Filter>Header Files</Filter>
    </ClInclude>
    <ClInclude Include="CreatureManager.h">
      <Filter>Header Files</Filter>
    </ClInclude>
    <ClInclude Include="TipWnd.h">
      <Filter>Header Files</Filter>
    </ClInclude>
    <ClInclude Include="GfxFont.h">
      <Filter>Header Files</Filter>
    </ClInclude>
    <ClInclude Include="FontManager.h">
      <Filter>Header Files</Filter>
    </ClInclude>
    <ClInclude Include="BinaryHeap.h">
      <Filter>Header Files</Filter>
    </ClInclude>
    <ClInclude Include="AStar.h">
      <Filter>Header Files</Filter>
    </ClInclude>
    <ClInclude Include="UI.h">
      <Filter>Header Files</Filter>
    </ClInclude>
    <ClInclude Include="WndCommand.h">
      <Filter>Windows\Head Files</Filter>
    </ClInclude>
    <ClInclude Include="ActionProcess.h">
      <Filter>Header Files</Filter>
    </ClInclude>
    <ClInclude Include="WndCharInfo.h">
      <Filter>Windows\Head Files</Filter>
    </ClInclude>
    <ClInclude Include="ConfigManager.h">
      <Filter>Header Files</Filter>
    </ClInclude>
    <ClInclude Include="WndSelect.h">
      <Filter>Windows\Head Files</Filter>
    </ClInclude>
    <ClInclude Include="SkillManager.h">
      <Filter>Header Files</Filter>
    </ClInclude>
    <ClInclude Include="WndMainTitle.h">
      <Filter>Windows\Head Files</Filter>
    </ClInclude>
    <ClInclude Include="..\..\lua\include\lauxlib.h">
      <Filter>Lua</Filter>
    </ClInclude>
    <ClInclude Include="..\..\lua\include\lua.h">
      <Filter>Lua</Filter>
    </ClInclude>
    <ClInclude Include="..\..\lua\include\lua.hpp">
      <Filter>Lua</Filter>
    </ClInclude>
    <ClInclude Include="..\..\lua\include\luaconf.h">
      <Filter>Lua</Filter>
    </ClInclude>
    <ClInclude Include="..\..\lua\include\lualib.h">
      <Filter>Lua</Filter>
    </ClInclude>
    <ClInclude Include="LuaGlobalFunc.h">
      <Filter>LuaGlobal</Filter>
    </ClInclude>
    <ClInclude Include="Scene.h">
      <Filter>Header Files</Filter>
    </ClInclude>
    <ClInclude Include="..\..\lua\tolua++\tolua_event.h">
      <Filter>tolua++</Filter>
    </ClInclude>
    <ClInclude Include="..\..\lua\tolua++\tolua++.h">
      <Filter>tolua++</Filter>
    </ClInclude>
    <ClInclude Include="..\..\lua\tolua++\Lua_API.h">
      <Filter>LuaGlobal</Filter>
    </ClInclude>
    <ClInclude Include="WndDialog.h">
      <Filter>Windows\Head Files</Filter>
    </ClInclude>
    <ClInclude Include="MyLua.h">
      <Filter>LuaGlobal</Filter>
    </ClInclude>
    <ClInclude Include="WndSummary.h">
      <Filter>Windows\Head Files</Filter>
    </ClInclude>
    <ClInclude Include="resource.h" />
    <ClInclude Include="AIMgr.h">
      <Filter>Header Files</Filter>
    </ClInclude>
  </ItemGroup>
  <ItemGroup>
    <Filter Include="Header Files">
      <UniqueIdentifier>{ad4384d9-eab7-475c-8790-f94c9826dd9b}</UniqueIdentifier>
    </Filter>
    <Filter Include="Windows">
      <UniqueIdentifier>{872ccf2a-96a9-4532-a7d7-474cc44afed4}</UniqueIdentifier>
    </Filter>
    <Filter Include="Windows\Head Files">
      <UniqueIdentifier>{3601ddeb-dceb-4007-8343-be3e76c64e7c}</UniqueIdentifier>
    </Filter>
    <Filter Include="Windows\Source Files">
      <UniqueIdentifier>{bbc5694b-aaf7-4244-9017-960d1ca9eb1a}</UniqueIdentifier>
    </Filter>
    <Filter Include="Lua">
      <UniqueIdentifier>{25d6a847-9f1f-48ba-a8b4-6e1674fd2eb9}</UniqueIdentifier>
    </Filter>
    <Filter Include="Source Files">
      <UniqueIdentifier>{56468091-4937-47db-ba10-ee2f953676ed}</UniqueIdentifier>
    </Filter>
    <Filter Include="LuaGlobal">
      <UniqueIdentifier>{75b7541c-71d8-4729-b50b-12f58f43b93c}</UniqueIdentifier>
    </Filter>
    <Filter Include="tolua++">
      <UniqueIdentifier>{81620c06-273d-40e6-8626-034ee329f1a9}</UniqueIdentifier>
    </Filter>
  </ItemGroup>
  <ItemGroup>
    <None Include="ClassDiagram1.cd" />
    <None Include="yunchang.ico" />
  </ItemGroup>
  <ItemGroup>
    <ResourceCompile Include="MagicTower.rc" />
  </ItemGroup>
</Project>