
Microsoft Visual Studio Solution File, Format Version 11.00
# Visual Studio 2010
Project("{8BC9CEB8-8B4A-11D0-8D11-00A0C91BC942}") = "MagicTower", "MagicTower\MagicTower.vcxproj", "{56E29226-8D54-4191-BAED-494300413E86}"
EndProject
Project("{8BC9CEB8-8B4A-11D0-8D11-00A0C91BC942}") = "MagicTowerEdit", "..\MagicTowerEdit\MagicTowerEdit\MagicTowerEdit.vcxproj", "{A706D22B-12B0-481C-A65D-BB21A5C7C6F1}"
EndProject
Global
	GlobalSection(SolutionConfigurationPlatforms) = preSolution
		Debug|Win32 = Debug|Win32
		Release|Win32 = Release|Win32
	EndGlobalSection
	GlobalSection(ProjectConfigurationPlatforms) = postSolution
		{56E29226-8D54-4191-BAED-494300413E86}.Debug|Win32.ActiveCfg = Debug|Win32
		{56E29226-8D54-4191-BAED-494300413E86}.Debug|Win32.Build.0 = Debug|Win32
		{56E29226-8D54-4191-BAED-494300413E86}.Release|Win32.ActiveCfg = Release|Win32
		{56E29226-8D54-4191-BAED-494300413E86}.Release|Win32.Build.0 = Release|Win32
		{A706D22B-12B0-481C-A65D-BB21A5C7C6F1}.Debug|Win32.ActiveCfg = Debug|Win32
		{A706D22B-12B0-481C-A65D-BB21A5C7C6F1}.Debug|Win32.Build.0 = Debug|Win32
		{A706D22B-12B0-481C-A65D-BB21A5C7C6F1}.Release|Win32.ActiveCfg = Release|Win32
		{A706D22B-12B0-481C-A65D-BB21A5C7C6F1}.Release|Win32.Build.0 = Release|Win32
	EndGlobalSection
	GlobalSection(SolutionProperties) = preSolution
		HideSolutionNode = FALSE
	EndGlobalSection
EndGlobal
